// !$*UTF8*$!
{
	archiveVersion = 1;
	classes = {
	};
	objectVersion = 50;
	objects = {

/* Begin PBXBuildFile section */
		AC3C2AF526800F330030F439 /* AppDelegate.m in Sources */ = {isa = PBXBuildFile; fileRef = AC3C2AF426800F330030F439 /* AppDelegate.m */; };
		AC3C2AF826800F330030F439 /* SceneDelegate.m in Sources */ = {isa = PBXBuildFile; fileRef = AC3C2AF726800F330030F439 /* SceneDelegate.m */; };
		AC3C2AFE26800F330030F439 /* Main.storyboard in Resources */ = {isa = PBXBuildFile; fileRef = AC3C2AFC26800F330030F439 /* Main.storyboard */; };
		AC3C2B0026800F370030F439 /* Assets.xcassets in Resources */ = {isa = PBXBuildFile; fileRef = AC3C2AFF26800F370030F439 /* Assets.xcassets */; };
		AC3C2B0326800F370030F439 /* LaunchScreen.storyboard in Resources */ = {isa = PBXBuildFile; fileRef = AC3C2B0126800F370030F439 /* LaunchScreen.storyboard */; };
		AC3C2B0626800F370030F439 /* main.m in Sources */ = {isa = PBXBuildFile; fileRef = AC3C2B0526800F370030F439 /* main.m */; };
		AC3C2B1026800F370030F439 /* InstagramTests.m in Sources */ = {isa = PBXBuildFile; fileRef = AC3C2B0F26800F370030F439 /* InstagramTests.m */; };
		AC3C2B1B26800F370030F439 /* InstagramUITests.m in Sources */ = {isa = PBXBuildFile; fileRef = AC3C2B1A26800F370030F439 /* InstagramUITests.m */; };
/* End PBXBuildFile section */

/* Begin PBXContainerItemProxy section */
		AC3C2B0C26800F370030F439 /* PBXContainerItemProxy */ = {
			isa = PBXContainerItemProxy;
			containerPortal = AC3C2AE826800F330030F439 /* Project object */;
			proxyType = 1;
			remoteGlobalIDString = AC3C2AEF26800F330030F439;
			remoteInfo = Instagram;
		};
		AC3C2B1726800F370030F439 /* PBXContainerItemProxy */ = {
			isa = PBXContainerItemProxy;
			containerPortal = AC3C2AE826800F330030F439 /* Project object */;
			proxyType = 1;
			remoteGlobalIDString = AC3C2AEF26800F330030F439;
			remoteInfo = Instagram;
		};
/* End PBXContainerItemProxy section */

/* Begin PBXFileReference section */
		AC3C2AF026800F330030F439 /* Instagram.app */ = {isa = PBXFileReference; explicitFileType = wrapper.application; includeInIndex = 0; path = Instagram.app; sourceTree = BUILT_PRODUCTS_DIR; };
		AC3C2AF326800F330030F439 /* AppDelegate.h */ = {isa = PBXFileReference; lastKnownFileType = sourcecode.c.h; path = AppDelegate.h; sourceTree = "<group>"; };
		AC3C2AF426800F330030F439 /* AppDelegate.m */ = {isa = PBXFileReference; lastKnownFileType = sourcecode.c.objc; path = AppDelegate.m; sourceTree = "<group>"; };
		AC3C2AF626800F330030F439 /* SceneDelegate.h */ = {isa = PBXFileReference; lastKnownFileType = sourcecode.c.h; path = SceneDelegate.h; sourceTree = "<group>"; };
		AC3C2AF726800F330030F439 /* SceneDelegate.m */ = {isa = PBXFileReference; lastKnownFileType = sourcecode.c.objc; path = SceneDelegate.m; sourceTree = "<group>"; };
		AC3C2AFD26800F330030F439 /* Base */ = {isa = PBXFileReference; lastKnownFileType = file.storyboard; name = Base; path = Base.lproj/Main.storyboard; sourceTree = "<group>"; };
		AC3C2AFF26800F370030F439 /* Assets.xcassets */ = {isa = PBXFileReference; lastKnownFileType = folder.assetcatalog; path = Assets.xcassets; sourceTree = "<group>"; };
		AC3C2B0226800F370030F439 /* Base */ = {isa = PBXFileReference; lastKnownFileType = file.storyboard; name = Base; path = Base.lproj/LaunchScreen.storyboard; sourceTree = "<group>"; };
		AC3C2B0426800F370030F439 /* Info.plist */ = {isa = PBXFileReference; lastKnownFileType = text.plist.xml; path = Info.plist; sourceTree = "<group>"; };
		AC3C2B0526800F370030F439 /* main.m */ = {isa = PBXFileReference; lastKnownFileType = sourcecode.c.objc; path = main.m; sourceTree = "<group>"; };
		AC3C2B0B26800F370030F439 /* InstagramTests.xctest */ = {isa = PBXFileReference; explicitFileType = wrapper.cfbundle; includeInIndex = 0; path = InstagramTests.xctest; sourceTree = BUILT_PRODUCTS_DIR; };
		AC3C2B0F26800F370030F439 /* InstagramTests.m */ = {isa = PBXFileReference; lastKnownFileType = sourcecode.c.objc; path = InstagramTests.m; sourceTree = "<group>"; };
		AC3C2B1126800F370030F439 /* Info.plist */ = {isa = PBXFileReference; lastKnownFileType = text.plist.xml; path = Info.plist; sourceTree = "<group>"; };
		AC3C2B1626800F370030F439 /* InstagramUITests.xctest */ = {isa = PBXFileReference; explicitFileType = wrapper.cfbundle; includeInIndex = 0; path = InstagramUITests.xctest; sourceTree = BUILT_PRODUCTS_DIR; };
		AC3C2B1A26800F370030F439 /* InstagramUITests.m */ = {isa = PBXFileReference; lastKnownFileType = sourcecode.c.objc; path = InstagramUITests.m; sourceTree = "<group>"; };
		AC3C2B1C26800F370030F439 /* Info.plist */ = {isa = PBXFileReference; lastKnownFileType = text.plist.xml; path = Info.plist; sourceTree = "<group>"; };
/* End PBXFileReference section */

/* Begin PBXFrameworksBuildPhase section */
		AC3C2AED26800F330030F439 /* Frameworks */ = {
			isa = PBXFrameworksBuildPhase;
			buildActionMask = 2147483647;
			files = (
			);
			runOnlyForDeploymentPostprocessing = 0;
		};
		AC3C2B0826800F370030F439 /* Frameworks */ = {
			isa = PBXFrameworksBuildPhase;
			buildActionMask = 2147483647;
			files = (
			);
			runOnlyForDeploymentPostprocessing = 0;
		};
		AC3C2B1326800F370030F439 /* Frameworks */ = {
			isa = PBXFrameworksBuildPhase;
			buildActionMask = 2147483647;
			files = (
			);
			runOnlyForDeploymentPostprocessing = 0;
		};
/* End PBXFrameworksBuildPhase section */

/* Begin PBXGroup section */
		AC3C2AE726800F330030F439 = {
			isa = PBXGroup;
			children = (
				AC3C2AF226800F330030F439 /* Instagram */,
				AC3C2B0E26800F370030F439 /* InstagramTests */,
				AC3C2B1926800F370030F439 /* InstagramUITests */,
				AC3C2AF126800F330030F439 /* Products */,
			);
			sourceTree = "<group>";
		};
		AC3C2AF126800F330030F439 /* Products */ = {
			isa = PBXGroup;
			children = (
				AC3C2AF026800F330030F439 /* Instagram.app */,
				AC3C2B0B26800F370030F439 /* InstagramTests.xctest */,
				AC3C2B1626800F370030F439 /* InstagramUITests.xctest */,
			);
			name = Products;
			sourceTree = "<group>";
		};
		AC3C2AF226800F330030F439 /* Instagram */ = {
			isa = PBXGroup;
			children = (
				AC3C2AF326800F330030F439 /* AppDelegate.h */,
				AC3C2AF426800F330030F439 /* AppDelegate.m */,
				AC3C2AF626800F330030F439 /* SceneDelegate.h */,
				AC3C2AF726800F330030F439 /* SceneDelegate.m */,
				AC3C2AFC26800F330030F439 /* Main.storyboard */,
				AC3C2AFF26800F370030F439 /* Assets.xcassets */,
				AC3C2B0126800F370030F439 /* LaunchScreen.storyboard */,
				AC3C2B0426800F370030F439 /* Info.plist */,
				AC3C2B0526800F370030F439 /* main.m */,
			);
			path = Instagram;
			sourceTree = "<group>";
		};
		AC3C2B0E26800F370030F439 /* InstagramTests */ = {
			isa = PBXGroup;
			children = (
				AC3C2B0F26800F370030F439 /* InstagramTests.m */,
				AC3C2B1126800F370030F439 /* Info.plist */,
			);
			path = InstagramTests;
			sourceTree = "<group>";
		};
		AC3C2B1926800F370030F439 /* InstagramUITests */ = {
			isa = PBXGroup;
			children = (
				AC3C2B1A26800F370030F439 /* InstagramUITests.m */,
				AC3C2B1C26800F370030F439 /* Info.plist */,
			);
			path = InstagramUITests;
			sourceTree = "<group>";
		};
/* End PBXGroup section */

/* Begin PBXNativeTarget section */
		AC3C2AEF26800F330030F439 /* Instagram */ = {
			isa = PBXNativeTarget;
			buildConfigurationList = AC3C2B1F26800F380030F439 /* Build configuration list for PBXNativeTarget "Instagram" */;
			buildPhases = (
				AC3C2AEC26800F330030F439 /* Sources */,
				AC3C2AED26800F330030F439 /* Frameworks */,
				AC3C2AEE26800F330030F439 /* Resources */,
			);
			buildRules = (
			);
			dependencies = (
			);
			name = Instagram;
			productName = Instagram;
			productReference = AC3C2AF026800F330030F439 /* Instagram.app */;
			productType = "com.apple.product-type.application";
		};
		AC3C2B0A26800F370030F439 /* InstagramTests */ = {
			isa = PBXNativeTarget;
			buildConfigurationList = AC3C2B2226800F380030F439 /* Build configuration list for PBXNativeTarget "InstagramTests" */;
			buildPhases = (
				AC3C2B0726800F370030F439 /* Sources */,
				AC3C2B0826800F370030F439 /* Frameworks */,
				AC3C2B0926800F370030F439 /* Resources */,
			);
			buildRules = (
			);
			dependencies = (
				AC3C2B0D26800F370030F439 /* PBXTargetDependency */,
			);
			name = InstagramTests;
			productName = InstagramTests;
			productReference = AC3C2B0B26800F370030F439 /* InstagramTests.xctest */;
			productType = "com.apple.product-type.bundle.unit-test";
		};
		AC3C2B1526800F370030F439 /* InstagramUITests */ = {
			isa = PBXNativeTarget;
			buildConfigurationList = AC3C2B2526800F380030F439 /* Build configuration list for PBXNativeTarget "InstagramUITests" */;
			buildPhases = (
				AC3C2B1226800F370030F439 /* Sources */,
				AC3C2B1326800F370030F439 /* Frameworks */,
				AC3C2B1426800F370030F439 /* Resources */,
			);
			buildRules = (
			);
			dependencies = (
				AC3C2B1826800F370030F439 /* PBXTargetDependency */,
			);
			name = InstagramUITests;
			productName = InstagramUITests;
			productReference = AC3C2B1626800F370030F439 /* InstagramUITests.xctest */;
			productType = "com.apple.product-type.bundle.ui-testing";
		};
/* End PBXNativeTarget section */

/* Begin PBXProject section */
		AC3C2AE826800F330030F439 /* Project object */ = {
			isa = PBXProject;
			attributes = {
				LastUpgradeCheck = 1240;
				TargetAttributes = {
					AC3C2AEF26800F330030F439 = {
						CreatedOnToolsVersion = 12.4;
					};
					AC3C2B0A26800F370030F439 = {
						CreatedOnToolsVersion = 12.4;
						TestTargetID = AC3C2AEF26800F330030F439;
					};
					AC3C2B1526800F370030F439 = {
						CreatedOnToolsVersion = 12.4;
						TestTargetID = AC3C2AEF26800F330030F439;
					};
				};
			};
			buildConfigurationList = AC3C2AEB26800F330030F439 /* Build configuration list for PBXProject "Instagram" */;
			compatibilityVersion = "Xcode 9.3";
			developmentRegion = en;
			hasScannedForEncodings = 0;
			knownRegions = (
				en,
				Base,
			);
			mainGroup = AC3C2AE726800F330030F439;
			productRefGroup = AC3C2AF126800F330030F439 /* Products */;
			projectDirPath = "";
			projectRoot = "";
			targets = (
				AC3C2AEF26800F330030F439 /* Instagram */,
				AC3C2B0A26800F370030F439 /* InstagramTests */,
				AC3C2B1526800F370030F439 /* InstagramUITests */,
			);
		};
/* End PBXProject section */

/* Begin PBXResourcesBuildPhase section */
		AC3C2AEE26800F330030F439 /* Resources */ = {
			isa = PBXResourcesBuildPhase;
			buildActionMask = 2147483647;
			files = (
				AC3C2B0326800F370030F439 /* LaunchScreen.storyboard in Resources */,
				AC3C2B0026800F370030F439 /* Assets.xcassets in Resources */,
				AC3C2AFE26800F330030F439 /* Main.storyboard in Resources */,
			);
			runOnlyForDeploymentPostprocessing = 0;
		};
		AC3C2B0926800F370030F439 /* Resources */ = {
			isa = PBXResourcesBuildPhase;
			buildActionMask = 2147483647;
			files = (
			);
			runOnlyForDeploymentPostprocessing = 0;
		};
		AC3C2B1426800F370030F439 /* Resources */ = {
			isa = PBXResourcesBuildPhase;
			buildActionMask = 2147483647;
			files = (
			);
			runOnlyForDeploymentPostprocessing = 0;
		};
/* End PBXResourcesBuildPhase section */

/* Begin PBXSourcesBuildPhase section */
		AC3C2AEC26800F330030F439 /* Sources */ = {
			isa = PBXSourcesBuildPhase;
			buildActionMask = 2147483647;
			files = (
				AC3C2AF526800F330030F439 /* AppDelegate.m in Sources */,
				AC3C2B0626800F370030F439 /* main.m in Sources */,
				AC3C2AF826800F330030F439 /* SceneDelegate.m in Sources */,
			);
			runOnlyForDeploymentPostprocessing = 0;
		};
		AC3C2B0726800F370030F439 /* Sources */ = {
			isa = PBXSourcesBuildPhase;
			buildActionMask = 2147483647;
			files = (
				AC3C2B1026800F370030F439 /* InstagramTests.m in Sources */,
			);
			runOnlyForDeploymentPostprocessing = 0;
		};
		AC3C2B1226800F370030F439 /* Sources */ = {
			isa = PBXSourcesBuildPhase;
			buildActionMask = 2147483647;
			files = (
				AC3C2B1B26800F370030F439 /* InstagramUITests.m in Sources */,
			);
			runOnlyForDeploymentPostprocessing = 0;
		};
/* End PBXSourcesBuildPhase section */

/* Begin PBXTargetDependency section */
		AC3C2B0D26800F370030F439 /* PBXTargetDependency */ = {
			isa = PBXTargetDependency;
			target = AC3C2AEF26800F330030F439 /* Instagram */;
			targetProxy = AC3C2B0C26800F370030F439 /* PBXContainerItemProxy */;
		};
		AC3C2B1826800F370030F439 /* PBXTargetDependency */ = {
			isa = PBXTargetDependency;
			target = AC3C2AEF26800F330030F439 /* Instagram */;
			targetProxy = AC3C2B1726800F370030F439 /* PBXContainerItemProxy */;
		};
/* End PBXTargetDependency section */

/* Begin PBXVariantGroup section */
		AC3C2AFC26800F330030F439 /* Main.storyboard */ = {
			isa = PBXVariantGroup;
			children = (
				AC3C2AFD26800F330030F439 /* Base */,
			);
			name = Main.storyboard;
			sourceTree = "<group>";
		};
		AC3C2B0126800F370030F439 /* LaunchScreen.storyboard */ = {
			isa = PBXVariantGroup;
			children = (
				AC3C2B0226800F370030F439 /* Base */,
			);
			name = LaunchScreen.storyboard;
			sourceTree = "<group>";
		};
/* End PBXVariantGroup section */

/* Begin XCBuildConfiguration section */
		AC3C2B1D26800F370030F439 /* Debug */ = {
			isa = XCBuildConfiguration;
			buildSettings = {
				ALWAYS_SEARCH_USER_PATHS = NO;
				CLANG_ANALYZER_NONNULL = YES;
				CLANG_ANALYZER_NUMBER_OBJECT_CONVERSION = YES_AGGRESSIVE;
				CLANG_CXX_LANGUAGE_STANDARD = "gnu++14";
				CLANG_CXX_LIBRARY = "libc++";
				CLANG_ENABLE_MODULES = YES;
				CLANG_ENABLE_OBJC_ARC = YES;
				CLANG_ENABLE_OBJC_WEAK = YES;
				CLANG_WARN_BLOCK_CAPTURE_AUTORELEASING = YES;
				CLANG_WARN_BOOL_CONVERSION = YES;
				CLANG_WARN_COMMA = YES;
				CLANG_WARN_CONSTANT_CONVERSION = YES;
				CLANG_WARN_DEPRECATED_OBJC_IMPLEMENTATIONS = YES;
				CLANG_WARN_DIRECT_OBJC_ISA_USAGE = YES_ERROR;
				CLANG_WARN_DOCUMENTATION_COMMENTS = YES;
				CLANG_WARN_EMPTY_BODY = YES;
				CLANG_WARN_ENUM_CONVERSION = YES;
				CLANG_WARN_INFINITE_RECURSION = YES;
				CLANG_WARN_INT_CONVERSION = YES;
				CLANG_WARN_NON_LITERAL_NULL_CONVERSION = YES;
				CLANG_WARN_OBJC_IMPLICIT_RETAIN_SELF = YES;
				CLANG_WARN_OBJC_LITERAL_CONVERSION = YES;
				CLANG_WARN_OBJC_ROOT_CLASS = YES_ERROR;
				CLANG_WARN_QUOTED_INCLUDE_IN_FRAMEWORK_HEADER = YES;
				CLANG_WARN_RANGE_LOOP_ANALYSIS = YES;
				CLANG_WARN_STRICT_PROTOTYPES = YES;
				CLANG_WARN_SUSPICIOUS_MOVE = YES;
				CLANG_WARN_UNGUARDED_AVAILABILITY = YES_AGGRESSIVE;
				CLANG_WARN_UNREACHABLE_CODE = YES;
				CLANG_WARN__DUPLICATE_METHOD_MATCH = YES;
				COPY_PHASE_STRIP = NO;
				DEBUG_INFORMATION_FORMAT = dwarf;
				ENABLE_STRICT_OBJC_MSGSEND = YES;
				ENABLE_TESTABILITY = YES;
				GCC_C_LANGUAGE_STANDARD = gnu11;
				GCC_DYNAMIC_NO_PIC = NO;
				GCC_NO_COMMON_BLOCKS = YES;
				GCC_OPTIMIZATION_LEVEL = 0;
				GCC_PREPROCESSOR_DEFINITIONS = (
					"DEBUG=1",
					"$(inherited)",
				);
				GCC_WARN_64_TO_32_BIT_CONVERSION = YES;
				GCC_WARN_ABOUT_RETURN_TYPE = YES_ERROR;
				GCC_WARN_UNDECLARED_SELECTOR = YES;
				GCC_WARN_UNINITIALIZED_AUTOS = YES_AGGRESSIVE;
				GCC_WARN_UNUSED_FUNCTION = YES;
				GCC_WARN_UNUSED_VARIABLE = YES;
				IPHONEOS_DEPLOYMENT_TARGET = 14.4;
				MTL_ENABLE_DEBUG_INFO = INCLUDE_SOURCE;
				MTL_FAST_MATH = YES;
				ONLY_ACTIVE_ARCH = YES;
				SDKROOT = iphoneos;
			};
			name = Debug;
		};
		AC3C2B1E26800F380030F439 /* Release */ = {
			isa = XCBuildConfiguration;
			buildSettings = {
				ALWAYS_SEARCH_USER_PATHS = NO;
				CLANG_ANALYZER_NONNULL = YES;
				CLANG_ANALYZER_NUMBER_OBJECT_CONVERSION = YES_AGGRESSIVE;
				CLANG_CXX_LANGUAGE_STANDARD = "gnu++14";
				CLANG_CXX_LIBRARY = "libc++";
				CLANG_ENABLE_MODULES = YES;
				CLANG_ENABLE_OBJC_ARC = YES;
				CLANG_ENABLE_OBJC_WEAK = YES;
				CLANG_WARN_BLOCK_CAPTURE_AUTORELEASING = YES;
				CLANG_WARN_BOOL_CONVERSION = YES;
				CLANG_WARN_COMMA = YES;
				CLANG_WARN_CONSTANT_CONVERSION = YES;
				CLANG_WARN_DEPRECATED_OBJC_IMPLEMENTATIONS = YES;
				CLANG_WARN_DIRECT_OBJC_ISA_USAGE = YES_ERROR;
				CLANG_WARN_DOCUMENTATION_COMMENTS = YES;
				CLANG_WARN_EMPTY_BODY = YES;
				CLANG_WARN_ENUM_CONVERSION = YES;
				CLANG_WARN_INFINITE_RECURSION = YES;
				CLANG_WARN_INT_CONVERSION = YES;
				CLANG_WARN_NON_LITERAL_NULL_CONVERSION = YES;
				CLANG_WARN_OBJC_IMPLICIT_RETAIN_SELF = YES;
				CLANG_WARN_OBJC_LITERAL_CONVERSION = YES;
				CLANG_WARN_OBJC_ROOT_CLASS = YES_ERROR;
				CLANG_WARN_QUOTED_INCLUDE_IN_FRAMEWORK_HEADER = YES;
				CLANG_WARN_RANGE_LOOP_ANALYSIS = YES;
				CLANG_WARN_STRICT_PROTOTYPES = YES;
				CLANG_WARN_SUSPICIOUS_MOVE = YES;
				CLANG_WARN_UNGUARDED_AVAILABILITY = YES_AGGRESSIVE;
				CLANG_WARN_UNREACHABLE_CODE = YES;
				CLANG_WARN__DUPLICATE_METHOD_MATCH = YES;
				COPY_PHASE_STRIP = NO;
				DEBUG_INFORMATION_FORMAT = "dwarf-with-dsym";
				ENABLE_NS_ASSERTIONS = NO;
				ENABLE_STRICT_OBJC_MSGSEND = YES;
				GCC_C_LANGUAGE_STANDARD = gnu11;
				GCC_NO_COMMON_BLOCKS = YES;
				GCC_WARN_64_TO_32_BIT_CONVERSION = YES;
				GCC_WARN_ABOUT_RETURN_TYPE = YES_ERROR;
				GCC_WARN_UNDECLARED_SELECTOR = YES;
				GCC_WARN_UNINITIALIZED_AUTOS = YES_AGGRESSIVE;
				GCC_WARN_UNUSED_FUNCTION = YES;
				GCC_WARN_UNUSED_VARIABLE = YES;
				IPHONEOS_DEPLOYMENT_TARGET = 14.4;
				MTL_ENABLE_DEBUG_INFO = NO;
				MTL_FAST_MATH = YES;
				SDKROOT = iphoneos;
				VALIDATE_PRODUCT = YES;
			};
			name = Release;
		};
		AC3C2B2026800F380030F439 /* Debug */ = {
			isa = XCBuildConfiguration;
			buildSettings = {
				ASSETCATALOG_COMPILER_APPICON_NAME = AppIcon;
				ASSETCATALOG_COMPILER_GLOBAL_ACCENT_COLOR_NAME = AccentColor;
				CODE_SIGN_STYLE = Automatic;
				DEVELOPMENT_TEAM = LNTQR4ZJ5J;
				INFOPLIST_FILE = Instagram/Info.plist;
				LD_RUNPATH_SEARCH_PATHS = (
					"$(inherited)",
					"@executable_path/Frameworks",
				);
				PRODUCT_BUNDLE_IDENTIFIER = RaghavSreeram.Instagram;
				PRODUCT_NAME = "$(TARGET_NAME)";
				TARGETED_DEVICE_FAMILY = "1,2";
			};
			name = Debug;
		};
		AC3C2B2126800F380030F439 /* Release */ = {
			isa = XCBuildConfiguration;
			buildSettings = {
				ASSETCATALOG_COMPILER_APPICON_NAME = AppIcon;
				ASSETCATALOG_COMPILER_GLOBAL_ACCENT_COLOR_NAME = AccentColor;
				CODE_SIGN_STYLE = Automatic;
				DEVELOPMENT_TEAM = LNTQR4ZJ5J;
				INFOPLIST_FILE = Instagram/Info.plist;
				LD_RUNPATH_SEARCH_PATHS = (
					"$(inherited)",
					"@executable_path/Frameworks",
				);
				PRODUCT_BUNDLE_IDENTIFIER = RaghavSreeram.Instagram;
				PRODUCT_NAME = "$(TARGET_NAME)";
				TARGETED_DEVICE_FAMILY = "1,2";
			};
			name = Release;
		};
		AC3C2B2326800F380030F439 /* Debug */ = {
			isa = XCBuildConfiguration;
			buildSettings = {
				BUNDLE_LOADER = "$(TEST_HOST)";
				CODE_SIGN_STYLE = Automatic;
				DEVELOPMENT_TEAM = LNTQR4ZJ5J;
				INFOPLIST_FILE = InstagramTests/Info.plist;
				IPHONEOS_DEPLOYMENT_TARGET = 14.4;
				LD_RUNPATH_SEARCH_PATHS = (
					"$(inherited)",
					"@executable_path/Frameworks",
					"@loader_path/Frameworks",
				);
				PRODUCT_BUNDLE_IDENTIFIER = RaghavSreeram.InstagramTests;
				PRODUCT_NAME = "$(TARGET_NAME)";
				TARGETED_DEVICE_FAMILY = "1,2";
				TEST_HOST = "$(BUILT_PRODUCTS_DIR)/Instagram.app/Instagram";
			};
			name = Debug;
		};
		AC3C2B2426800F380030F439 /* Release */ = {
			isa = XCBuildConfiguration;
			buildSettings = {
				BUNDLE_LOADER = "$(TEST_HOST)";
				CODE_SIGN_STYLE = Automatic;
				DEVELOPMENT_TEAM = LNTQR4ZJ5J;
				INFOPLIST_FILE = InstagramTests/Info.plist;
				IPHONEOS_DEPLOYMENT_TARGET = 14.4;
				LD_RUNPATH_SEARCH_PATHS = (
					"$(inherited)",
					"@executable_path/Frameworks",
					"@loader_path/Frameworks",
				);
				PRODUCT_BUNDLE_IDENTIFIER = RaghavSreeram.InstagramTests;
				PRODUCT_NAME = "$(TARGET_NAME)";
				TARGETED_DEVICE_FAMILY = "1,2";
				TEST_HOST = "$(BUILT_PRODUCTS_DIR)/Instagram.app/Instagram";
			};
			name = Release;
		};
		AC3C2B2626800F380030F439 /* Debug */ = {
			isa = XCBuildConfiguration;
			buildSettings = {
				CODE_SIGN_STYLE = Automatic;
				DEVELOPMENT_TEAM = LNTQR4ZJ5J;
				INFOPLIST_FILE = InstagramUITests/Info.plist;
				LD_RUNPATH_SEARCH_PATHS = (
					"$(inherited)",
					"@executable_path/Frameworks",
					"@loader_path/Frameworks",
				);
				PRODUCT_BUNDLE_IDENTIFIER = RaghavSreeram.InstagramUITests;
				PRODUCT_NAME = "$(TARGET_NAME)";
				TARGETED_DEVICE_FAMILY = "1,2";
				TEST_TARGET_NAME = Instagram;
			};
			name = Debug;
		};
		AC3C2B2726800F380030F439 /* Release */ = {
			isa = XCBuildConfiguration;
			buildSettings = {
				CODE_SIGN_STYLE = Automatic;
				DEVELOPMENT_TEAM = LNTQR4ZJ5J;
				INFOPLIST_FILE = InstagramUITests/Info.plist;
				LD_RUNPATH_SEARCH_PATHS = (
					"$(inherited)",
					"@executable_path/Frameworks",
					"@loader_path/Frameworks",
				);
				PRODUCT_BUNDLE_IDENTIFIER = RaghavSreeram.InstagramUITests;
				PRODUCT_NAME = "$(TARGET_NAME)";
				TARGETED_DEVICE_FAMILY = "1,2";
				TEST_TARGET_NAME = Instagram;
			};
			name = Release;
		};
/* End XCBuildConfiguration section */

/* Begin XCConfigurationList section */
		AC3C2AEB26800F330030F439 /* Build configuration list for PBXProject "Instagram" */ = {
			isa = XCConfigurationList;
			buildConfigurations = (
				AC3C2B1D26800F370030F439 /* Debug */,
				AC3C2B1E26800F380030F439 /* Release */,
			);
			defaultConfigurationIsVisible = 0;
			defaultConfigurationName = Release;
		};
		AC3C2B1F26800F380030F439 /* Build configuration list for PBXNativeTarget "Instagram" */ = {
			isa = XCConfigurationList;
			buildConfigurations = (
				AC3C2B2026800F380030F439 /* Debug */,
				AC3C2B2126800F380030F439 /* Release */,
			);
			defaultConfigurationIsVisible = 0;
			defaultConfigurationName = Release;
		};
		AC3C2B2226800F380030F439 /* Build configuration list for PBXNativeTarget "InstagramTests" */ = {
			isa = XCConfigurationList;
			buildConfigurations = (
				AC3C2B2326800F380030F439 /* Debug */,
				AC3C2B2426800F380030F439 /* Release */,
			);
			defaultConfigurationIsVisible = 0;
			defaultConfigurationName = Release;
		};
		AC3C2B2526800F380030F439 /* Build configuration list for PBXNativeTarget "InstagramUITests" */ = {
			isa = XCConfigurationList;
			buildConfigurations = (
				AC3C2B2626800F380030F439 /* Debug */,
				AC3C2B2726800F380030F439 /* Release */,
			);
			defaultConfigurationIsVisible = 0;
			defaultConfigurationName = Release;
		};
/* End XCConfigurationList section */
	};
	rootObject = AC3C2AE826800F330030F439 /* Project object */;
}
